
Microsoft Visual Studio Solution File, Format Version 12.00
Project("{2150E333-8FDC-42A3-9474-1A3956D46DE8}") = "src", "src", "{827E0CD3-B72D-47B6-A68D-7590B98EB39B}"
EndProject
Project("{FAE04EC0-301F-11D3-BF4B-00C04F79EFBC}") = "OnePage.Platform", "src\OnePage.Platform\OnePage.Platform.csproj", "{87924F95-71D5-4701-9E74-D8D430537DE0}"
EndProject
Project("{FAE04EC0-301F-11D3-BF4B-00C04F79EFBC}") = "OnePage.Api", "src\OnePage.Api\OnePage.Api.csproj", "{5152137A-FD81-4D9C-B53B-E80EB4A3E0C0}"
EndProject
Project("{FAE04EC0-301F-11D3-BF4B-00C04F79EFBC}") = "OnePage.Hr", "src\OnePage.Hr\OnePage.Hr.csproj", "{B12C3D4E-5F6A-4B7C-8D9E-0F1A2B3C4D5E}"
EndProject
Project("{2150E333-8FDC-42A3-9474-1A3956D46DE8}") = "tests", "tests", "{0AB3BF05-4346-4AA6-1389-037BE0695223}"
EndProject
Project("{FAE04EC0-301F-11D3-BF4B-00C04F79EFBC}") = "OnePage.Platform.Tests", "tests\OnePage.Platform.Tests\OnePage.Platform.Tests.csproj", "{540D6D89-75EA-40A6-8E77-7E6B2C9573A7}"
EndProject
Project("{FAE04EC0-301F-11D3-BF4B-00C04F79EFBC}") = "OnePage.Web", "src\OnePage.Web\OnePage.Web.csproj", "{A5331649-E041-479E-B09B-8EA79332DFAF}"
EndProject
Project("{FAE04EC0-301F-11D3-BF4B-00C04F79EFBC}") = "OnePage.Hr.Tests", "tests\OnePage.Hr.Tests\OnePage.Hr.Tests.csproj", "{A14DAD04-888D-46CE-9965-C16CB704E8C1}"
EndProject
Global
	GlobalSection(SolutionConfigurationPlatforms) = preSolution
		Debug|Any CPU = Debug|Any CPU
		Debug|x64 = Debug|x64
		Debug|x86 = Debug|x86
		Release|Any CPU = Release|Any CPU
		Release|x64 = Release|x64
		Release|x86 = Release|x86
	EndGlobalSection
	GlobalSection(ProjectConfigurationPlatforms) = postSolution
		{87924F95-71D5-4701-9E74-D8D430537DE0}.Debug|Any CPU.ActiveCfg = Debug|Any CPU
		{87924F95-71D5-4701-9E74-D8D430537DE0}.Debug|Any CPU.Build.0 = Debug|Any CPU
		{87924F95-71D5-4701-9E74-D8D430537DE0}.Debug|x64.ActiveCfg = Debug|Any CPU
		{87924F95-71D5-4701-9E74-D8D430537DE0}.Debug|x64.Build.0 = Debug|Any CPU
		{87924F95-71D5-4701-9E74-D8D430537DE0}.Debug|x86.ActiveCfg = Debug|Any CPU
		{87924F95-71D5-4701-9E74-D8D430537DE0}.Debug|x86.Build.0 = Debug|Any CPU
		{87924F95-71D5-4701-9E74-D8D430537DE0}.Release|Any CPU.ActiveCfg = Release|Any CPU
		{87924F95-71D5-4701-9E74-D8D430537DE0}.Release|Any CPU.Build.0 = Release|Any CPU
		{87924F95-71D5-4701-9E74-D8D430537DE0}.Release|x64.ActiveCfg = Release|Any CPU
		{87924F95-71D5-4701-9E74-D8D430537DE0}.Release|x64.Build.0 = Release|Any CPU
		{87924F95-71D5-4701-9E74-D8D430537DE0}.Release|x86.ActiveCfg = Release|Any CPU
		{87924F95-71D5-4701-9E74-D8D430537DE0}.Release|x86.Build.0 = Release|Any CPU
		{5152137A-FD81-4D9C-B53B-E80EB4A3E0C0}.Debug|Any CPU.ActiveCfg = Debug|Any CPU
		{5152137A-FD81-4D9C-B53B-E80EB4A3E0C0}.Debug|Any CPU.Build.0 = Debug|Any CPU
		{5152137A-FD81-4D9C-B53B-E80EB4A3E0C0}.Debug|x64.ActiveCfg = Debug|Any CPU
		{5152137A-FD81-4D9C-B53B-E80EB4A3E0C0}.Debug|x64.Build.0 = Debug|Any CPU
		{5152137A-FD81-4D9C-B53B-E80EB4A3E0C0}.Debug|x86.ActiveCfg = Debug|Any CPU
		{5152137A-FD81-4D9C-B53B-E80EB4A3E0C0}.Debug|x86.Build.0 = Debug|Any CPU
		{5152137A-FD81-4D9C-B53B-E80EB4A3E0C0}.Release|Any CPU.ActiveCfg = Release|Any CPU
		{5152137A-FD81-4D9C-B53B-E80EB4A3E0C0}.Release|Any CPU.Build.0 = Release|Any CPU
		{5152137A-FD81-4D9C-B53B-E80EB4A3E0C0}.Release|x64.ActiveCfg = Release|Any CPU
		{5152137A-FD81-4D9C-B53B-E80EB4A3E0C0}.Release|x64.Build.0 = Release|Any CPU
		{5152137A-FD81-4D9C-B53B-E80EB4A3E0C0}.Release|x86.ActiveCfg = Release|Any CPU
		{5152137A-FD81-4D9C-B53B-E80EB4A3E0C0}.Release|x86.Build.0 = Release|Any CPU
		{B12C3D4E-5F6A-4B7C-8D9E-0F1A2B3C4D5E}.Debug|Any CPU.ActiveCfg = Debug|Any CPU
		{B12C3D4E-5F6A-4B7C-8D9E-0F1A2B3C4D5E}.Debug|Any CPU.Build.0 = Debug|Any CPU
		{B12C3D4E-5F6A-4B7C-8D9E-0F1A2B3C4D5E}.Debug|x64.ActiveCfg = Debug|Any CPU
		{B12C3D4E-5F6A-4B7C-8D9E-0F1A2B3C4D5E}.Debug|x64.Build.0 = Debug|Any CPU
		{B12C3D4E-5F6A-4B7C-8D9E-0F1A2B3C4D5E}.Debug|x86.ActiveCfg = Debug|Any CPU
		{B12C3D4E-5F6A-4B7C-8D9E-0F1A2B3C4D5E}.Debug|x86.Build.0 = Debug|Any CPU
		{B12C3D4E-5F6A-4B7C-8D9E-0F1A2B3C4D5E}.Release|Any CPU.ActiveCfg = Release|Any CPU
		{B12C3D4E-5F6A-4B7C-8D9E-0F1A2B3C4D5E}.Release|Any CPU.Build.0 = Release|Any CPU
		{B12C3D4E-5F6A-4B7C-8D9E-0F1A2B3C4D5E}.Release|x64.ActiveCfg = Release|Any CPU
		{B12C3D4E-5F6A-4B7C-8D9E-0F1A2B3C4D5E}.Release|x64.Build.0 = Release|Any CPU
		{B12C3D4E-5F6A-4B7C-8D9E-0F1A2B3C4D5E}.Release|x86.ActiveCfg = Release|Any CPU
		{B12C3D4E-5F6A-4B7C-8D9E-0F1A2B3C4D5E}.Release|x86.Build.0 = Release|Any CPU
		{540D6D89-75EA-40A6-8E77-7E6B2C9573A7}.Debug|Any CPU.ActiveCfg = Debug|Any CPU
		{540D6D89-75EA-40A6-8E77-7E6B2C9573A7}.Debug|Any CPU.Build.0 = Debug|Any CPU
		{540D6D89-75EA-40A6-8E77-7E6B2C9573A7}.Debug|x64.ActiveCfg = Debug|Any CPU
		{540D6D89-75EA-40A6-8E77-7E6B2C9573A7}.Debug|x64.Build.0 = Debug|Any CPU
		{540D6D89-75EA-40A6-8E77-7E6B2C9573A7}.Debug|x86.ActiveCfg = Debug|Any CPU
		{540D6D89-75EA-40A6-8E77-7E6B2C9573A7}.Debug|x86.Build.0 = Debug|Any CPU
		{540D6D89-75EA-40A6-8E77-7E6B2C9573A7}.Release|Any CPU.ActiveCfg = Release|Any CPU
		{540D6D89-75EA-40A6-8E77-7E6B2C9573A7}.Release|Any CPU.Build.0 = Release|Any CPU
		{540D6D89-75EA-40A6-8E77-7E6B2C9573A7}.Release|x64.ActiveCfg = Release|Any CPU
		{540D6D89-75EA-40A6-8E77-7E6B2C9573A7}.Release|x64.Build.0 = Release|Any CPU
		{540D6D89-75EA-40A6-8E77-7E6B2C9573A7}.Release|x86.ActiveCfg = Release|Any CPU
		{540D6D89-75EA-40A6-8E77-7E6B2C9573A7}.Release|x86.Build.0 = Release|Any CPU
		{A5331649-E041-479E-B09B-8EA79332DFAF}.Debug|Any CPU.ActiveCfg = Debug|Any CPU
		{A5331649-E041-479E-B09B-8EA79332DFAF}.Debug|Any CPU.Build.0 = Debug|Any CPU
		{A5331649-E041-479E-B09B-8EA79332DFAF}.Debug|x64.ActiveCfg = Debug|Any CPU
		{A5331649-E041-479E-B09B-8EA79332DFAF}.Debug|x64.Build.0 = Debug|Any CPU
		{A5331649-E041-479E-B09B-8EA79332DFAF}.Debug|x86.ActiveCfg = Debug|Any CPU
		{A5331649-E041-479E-B09B-8EA79332DFAF}.Debug|x86.Build.0 = Debug|Any CPU
		{A5331649-E041-479E-B09B-8EA79332DFAF}.Release|Any CPU.ActiveCfg = Release|Any CPU
		{A5331649-E041-479E-B09B-8EA79332DFAF}.Release|Any CPU.Build.0 = Release|Any CPU
		{A5331649-E041-479E-B09B-8EA79332DFAF}.Release|x64.ActiveCfg = Release|Any CPU
		{A5331649-E041-479E-B09B-8EA79332DFAF}.Release|x64.Build.0 = Release|Any CPU
		{A5331649-E041-479E-B09B-8EA79332DFAF}.Release|x86.ActiveCfg = Release|Any CPU
		{A5331649-E041-479E-B09B-8EA79332DFAF}.Release|x86.Build.0 = Release|Any CPU
		{A14DAD04-888D-46CE-9965-C16CB704E8C1}.Debug|Any CPU.ActiveCfg = Debug|Any CPU
		{A14DAD04-888D-46CE-9965-C16CB704E8C1}.Debug|Any CPU.Build.0 = Debug|Any CPU
		{A14DAD04-888D-46CE-9965-C16CB704E8C1}.Debug|x64.ActiveCfg = Debug|Any CPU
		{A14DAD04-888D-46CE-9965-C16CB704E8C1}.Debug|x64.Build.0 = Debug|Any CPU
		{A14DAD04-888D-46CE-9965-C16CB704E8C1}.Debug|x86.ActiveCfg = Debug|Any CPU
		{A14DAD04-888D-46CE-9965-C16CB704E8C1}.Debug|x86.Build.0 = Debug|Any CPU
		{A14DAD04-888D-46CE-9965-C16CB704E8C1}.Release|Any CPU.ActiveCfg = Release|Any CPU
		{A14DAD04-888D-46CE-9965-C16CB704E8C1}.Release|Any CPU.Build.0 = Release|Any CPU
		{A14DAD04-888D-46CE-9965-C16CB704E8C1}.Release|x64.ActiveCfg = Release|Any CPU
		{A14DAD04-888D-46CE-9965-C16CB704E8C1}.Release|x64.Build.0 = Release|Any CPU
		{A14DAD04-888D-46CE-9965-C16CB704E8C1}.Release|x86.ActiveCfg = Release|Any CPU
		{A14DAD04-888D-46CE-9965-C16CB704E8C1}.Release|x86.Build.0 = Release|Any CPU
	EndGlobalSection
	GlobalSection(SolutionProperties) = preSolution
		HideSolutionNode = FALSE
	EndGlobalSection
	GlobalSection(NestedProjects) = preSolution
		{87924F95-71D5-4701-9E74-D8D430537DE0} = {827E0CD3-B72D-47B6-A68D-7590B98EB39B}
		{5152137A-FD81-4D9C-B53B-E80EB4A3E0C0} = {827E0CD3-B72D-47B6-A68D-7590B98EB39B}
		{B12C3D4E-5F6A-4B7C-8D9E-0F1A2B3C4D5E} = {827E0CD3-B72D-47B6-A68D-7590B98EB39B}
		{540D6D89-75EA-40A6-8E77-7E6B2C9573A7} = {0AB3BF05-4346-4AA6-1389-037BE0695223}
		{A5331649-E041-479E-B09B-8EA79332DFAF} = {827E0CD3-B72D-47B6-A68D-7590B98EB39B}
		{A14DAD04-888D-46CE-9965-C16CB704E8C1} = {0AB3BF05-4346-4AA6-1389-037BE0695223}
	EndGlobalSection
EndGlobal
